
Microsoft Visual Studio Solution File, Format Version 12.00
# Visual Studio Version 16
VisualStudioVersion = 16.0.30503.244
MinimumVisualStudioVersion = 10.0.40219.1
Project("{888888A0-9F3D-457C-B088-3A5042F75D52}") = "python.GUI.2", "python.GUI.2\python.GUI.2.pyproj", "{FA410788-B253-41F0-B815-F1AC2AA19B14}"
EndProject
Global
	GlobalSection(SolutionConfigurationPlatforms) = preSolution
		Debug|Any CPU = Debug|Any CPU
		Release|Any CPU = Release|Any CPU
	EndGlobalSection
	GlobalSection(ProjectConfigurationPlatforms) = postSolution
		{FA410788-B253-41F0-B815-F1AC2AA19B14}.Debug|Any CPU.ActiveCfg = Debug|Any CPU
		{FA410788-B253-41F0-B815-F1AC2AA19B14}.Release|Any CPU.ActiveCfg = Release|Any CPU
	EndGlobalSection
	GlobalSection(SolutionProperties) = preSolution
		HideSolutionNode = FALSE
	EndGlobalSection
	GlobalSection(ExtensibilityGlobals) = postSolution
		SolutionGuid = {56317BA0-BC3D-46CC-A516-783134D8B308}
	EndGlobalSection
EndGlobal
